
Microsoft Visual Studio Solution File, Format Version 12.00
# Visual Studio Version 16
VisualStudioVersion = 16.0.30907.101
MinimumVisualStudioVersion = 10.0.40219.1
Project("{FAE04EC0-301F-11D3-BF4B-00C04F79EFBC}") = "Задача1", "урок5GeekBrains\Задача1.csproj", "{299A63E6-A9E7-4ABF-A62A-99E1CEF8DF0A}"
EndProject
Project("{FAE04EC0-301F-11D3-BF4B-00C04F79EFBC}") = "Задача2", "Задача2\Задача2.csproj", "{C9B5C37D-EE93-4912-8DD9-4DAE72C43B12}"
EndProject
Project("{FAE04EC0-301F-11D3-BF4B-00C04F79EFBC}") = "Задача3", "Задача3\Задача3.csproj", "{B2A8DCD3-2C97-4BA7-AB5B-67B9B16033C9}"
EndProject
Project("{FAE04EC0-301F-11D3-BF4B-00C04F79EFBC}") = "Задача4", "Задача4\Задача4.csproj", "{B9ED2D6D-E052-43AB-8D9A-22B5BF857BD2}"
EndProject
Project("{FAE04EC0-301F-11D3-BF4B-00C04F79EFBC}") = "Задача5", "Задача5\Задача5.csproj", "{1C8E30E9-3997-45EF-B01D-DC410F76D84D}"
EndProject
Global
	GlobalSection(SolutionConfigurationPlatforms) = preSolution
		Debug|Any CPU = Debug|Any CPU
		Release|Any CPU = Release|Any CPU
	EndGlobalSection
	GlobalSection(ProjectConfigurationPlatforms) = postSolution
		{299A63E6-A9E7-4ABF-A62A-99E1CEF8DF0A}.Debug|Any CPU.ActiveCfg = Debug|Any CPU
		{299A63E6-A9E7-4ABF-A62A-99E1CEF8DF0A}.Debug|Any CPU.Build.0 = Debug|Any CPU
		{299A63E6-A9E7-4ABF-A62A-99E1CEF8DF0A}.Release|Any CPU.ActiveCfg = Release|Any CPU
		{299A63E6-A9E7-4ABF-A62A-99E1CEF8DF0A}.Release|Any CPU.Build.0 = Release|Any CPU
		{C9B5C37D-EE93-4912-8DD9-4DAE72C43B12}.Debug|Any CPU.ActiveCfg = Debug|Any CPU
		{C9B5C37D-EE93-4912-8DD9-4DAE72C43B12}.Debug|Any CPU.Build.0 = Debug|Any CPU
		{C9B5C37D-EE93-4912-8DD9-4DAE72C43B12}.Release|Any CPU.ActiveCfg = Release|Any CPU
		{C9B5C37D-EE93-4912-8DD9-4DAE72C43B12}.Release|Any CPU.Build.0 = Release|Any CPU
		{B2A8DCD3-2C97-4BA7-AB5B-67B9B16033C9}.Debug|Any CPU.ActiveCfg = Debug|Any CPU
		{B2A8DCD3-2C97-4BA7-AB5B-67B9B16033C9}.Debug|Any CPU.Build.0 = Debug|Any CPU
		{B2A8DCD3-2C97-4BA7-AB5B-67B9B16033C9}.Release|Any CPU.ActiveCfg = Release|Any CPU
		{B2A8DCD3-2C97-4BA7-AB5B-67B9B16033C9}.Release|Any CPU.Build.0 = Release|Any CPU
		{B9ED2D6D-E052-43AB-8D9A-22B5BF857BD2}.Debug|Any CPU.ActiveCfg = Debug|Any CPU
		{B9ED2D6D-E052-43AB-8D9A-22B5BF857BD2}.Debug|Any CPU.Build.0 = Debug|Any CPU
		{B9ED2D6D-E052-43AB-8D9A-22B5BF857BD2}.Release|Any CPU.ActiveCfg = Release|Any CPU
		{B9ED2D6D-E052-43AB-8D9A-22B5BF857BD2}.Release|Any CPU.Build.0 = Release|Any CPU
		{1C8E30E9-3997-45EF-B01D-DC410F76D84D}.Debug|Any CPU.ActiveCfg = Debug|Any CPU
		{1C8E30E9-3997-45EF-B01D-DC410F76D84D}.Debug|Any CPU.Build.0 = Debug|Any CPU
		{1C8E30E9-3997-45EF-B01D-DC410F76D84D}.Release|Any CPU.ActiveCfg = Release|Any CPU
		{1C8E30E9-3997-45EF-B01D-DC410F76D84D}.Release|Any CPU.Build.0 = Release|Any CPU
	EndGlobalSection
	GlobalSection(SolutionProperties) = preSolution
		HideSolutionNode = FALSE
	EndGlobalSection
	GlobalSection(ExtensibilityGlobals) = postSolution
		SolutionGuid = {5243EC6D-A9E8-484C-9F7B-17D69BA09D15}
	EndGlobalSection
EndGlobal
